
Microsoft Visual Studio Solution File, Format Version 12.00
# Visual Studio Version 17
VisualStudioVersion = 17.3.32825.248
MinimumVisualStudioVersion = 10.0.40219.1
Project("{FAE04EC0-301F-11D3-BF4B-00C04F79EFBC}") = "WpfApp1", "WpfApp1\WpfApp1.csproj", "{C0760331-34FD-4CC7-B70D-B38E9AF98DCA}"
EndProject
Project("{FAE04EC0-301F-11D3-BF4B-00C04F79EFBC}") = "SpotifyShuffle", "SpotifyShuffle\SpotifyShuffle.csproj", "{AE741EDE-E56A-43FB-BC85-5763051B3B0B}"
EndProject
Project("{FAE04EC0-301F-11D3-BF4B-00C04F79EFBC}") = "FlatUI", "FlatUI\FlatUI.csproj", "{74554AAD-9F57-432C-AFB0-B7DC2067DBC4}"
EndProject
Project("{FAE04EC0-301F-11D3-BF4B-00C04F79EFBC}") = "Try4", "Try4\Try4.csproj", "{013051BE-F309-402E-A8A0-7F537147BE3D}"
EndProject
Global
	GlobalSection(SolutionConfigurationPlatforms) = preSolution
		Debug|Any CPU = Debug|Any CPU
		Release|Any CPU = Release|Any CPU
	EndGlobalSection
	GlobalSection(ProjectConfigurationPlatforms) = postSolution
		{C0760331-34FD-4CC7-B70D-B38E9AF98DCA}.Debug|Any CPU.ActiveCfg = Debug|Any CPU
		{C0760331-34FD-4CC7-B70D-B38E9AF98DCA}.Debug|Any CPU.Build.0 = Debug|Any CPU
		{C0760331-34FD-4CC7-B70D-B38E9AF98DCA}.Release|Any CPU.ActiveCfg = Release|Any CPU
		{C0760331-34FD-4CC7-B70D-B38E9AF98DCA}.Release|Any CPU.Build.0 = Release|Any CPU
		{AE741EDE-E56A-43FB-BC85-5763051B3B0B}.Debug|Any CPU.ActiveCfg = Debug|Any CPU
		{AE741EDE-E56A-43FB-BC85-5763051B3B0B}.Debug|Any CPU.Build.0 = Debug|Any CPU
		{AE741EDE-E56A-43FB-BC85-5763051B3B0B}.Release|Any CPU.ActiveCfg = Release|Any CPU
		{AE741EDE-E56A-43FB-BC85-5763051B3B0B}.Release|Any CPU.Build.0 = Release|Any CPU
		{74554AAD-9F57-432C-AFB0-B7DC2067DBC4}.Debug|Any CPU.ActiveCfg = Debug|Any CPU
		{74554AAD-9F57-432C-AFB0-B7DC2067DBC4}.Debug|Any CPU.Build.0 = Debug|Any CPU
		{74554AAD-9F57-432C-AFB0-B7DC2067DBC4}.Release|Any CPU.ActiveCfg = Release|Any CPU
		{74554AAD-9F57-432C-AFB0-B7DC2067DBC4}.Release|Any CPU.Build.0 = Release|Any CPU
		{013051BE-F309-402E-A8A0-7F537147BE3D}.Debug|Any CPU.ActiveCfg = Debug|Any CPU
		{013051BE-F309-402E-A8A0-7F537147BE3D}.Debug|Any CPU.Build.0 = Debug|Any CPU
		{013051BE-F309-402E-A8A0-7F537147BE3D}.Release|Any CPU.ActiveCfg = Release|Any CPU
		{013051BE-F309-402E-A8A0-7F537147BE3D}.Release|Any CPU.Build.0 = Release|Any CPU
	EndGlobalSection
	GlobalSection(SolutionProperties) = preSolution
		HideSolutionNode = FALSE
	EndGlobalSection
	GlobalSection(ExtensibilityGlobals) = postSolution
		SolutionGuid = {0966B28B-D246-4B6D-8114-8B8D0E091965}
	EndGlobalSection
EndGlobal
