
Microsoft Visual Studio Solution File, Format Version 12.00
# Visual Studio Version 17
VisualStudioVersion = 17.3.32825.248
MinimumVisualStudioVersion = 10.0.40219.1
Project("{FAE04EC0-301F-11D3-BF4B-00C04F79EFBC}") = "WpfApp1", "WpfApp1\WpfApp1.csproj", "{C0760331-34FD-4CC7-B70D-B38E9AF98DCA}"
EndProject
Project("{FAE04EC0-301F-11D3-BF4B-00C04F79EFBC}") = "SpotifyShuffle", "SpotifyShuffle\SpotifyShuffle.csproj", "{AE741EDE-E56A-43FB-BC85-5763051B3B0B}"
EndProject
Project("{FAE04EC0-301F-11D3-BF4B-00C04F79EFBC}") = "FlatUI", "FlatUI\FlatUI.csproj", "{74554AAD-9F57-432C-AFB0-B7DC2067DBC4}"
EndProject
Project("{9A19103F-16F7-4668-BE54-9A1E7A4F7556}") = "Try4", "Try4\Try4.csproj", "{013051BE-F309-402E-A8A0-7F537147BE3D}"
EndProject
Project("{9A19103F-16F7-4668-BE54-9A1E7A4F7556}") = "AdventOfCode", "AdventOfCode\AdventOfCode.csproj", "{9C3FF8E5-492B-48C4-A6D5-AD048A5B1CD5}"
EndProject
Project("{9A19103F-16F7-4668-BE54-9A1E7A4F7556}") = "SimpleChess", "SimpleChess\SimpleChess.csproj", "{84A43219-B632-4053-BDA7-20DAE8A6973A}"
EndProject
Project("{FAE04EC0-301F-11D3-BF4B-00C04F79EFBC}") = "TestAvAnnet", "TestAvAnnet\TestAvAnnet.csproj", "{6535E247-E61F-45C7-BD8E-70E9194C935F}"
EndProject
Global
	GlobalSection(SolutionConfigurationPlatforms) = preSolution
		Debug|Any CPU = Debug|Any CPU
		Release|Any CPU = Release|Any CPU
	EndGlobalSection
	GlobalSection(ProjectConfigurationPlatforms) = postSolution
		{C0760331-34FD-4CC7-B70D-B38E9AF98DCA}.Debug|Any CPU.ActiveCfg = Debug|Any CPU
		{C0760331-34FD-4CC7-B70D-B38E9AF98DCA}.Debug|Any CPU.Build.0 = Debug|Any CPU
		{C0760331-34FD-4CC7-B70D-B38E9AF98DCA}.Release|Any CPU.ActiveCfg = Release|Any CPU
		{C0760331-34FD-4CC7-B70D-B38E9AF98DCA}.Release|Any CPU.Build.0 = Release|Any CPU
		{AE741EDE-E56A-43FB-BC85-5763051B3B0B}.Debug|Any CPU.ActiveCfg = Debug|Any CPU
		{AE741EDE-E56A-43FB-BC85-5763051B3B0B}.Debug|Any CPU.Build.0 = Debug|Any CPU
		{AE741EDE-E56A-43FB-BC85-5763051B3B0B}.Release|Any CPU.ActiveCfg = Release|Any CPU
		{AE741EDE-E56A-43FB-BC85-5763051B3B0B}.Release|Any CPU.Build.0 = Release|Any CPU
		{74554AAD-9F57-432C-AFB0-B7DC2067DBC4}.Debug|Any CPU.ActiveCfg = Debug|Any CPU
		{74554AAD-9F57-432C-AFB0-B7DC2067DBC4}.Debug|Any CPU.Build.0 = Debug|Any CPU
		{74554AAD-9F57-432C-AFB0-B7DC2067DBC4}.Release|Any CPU.ActiveCfg = Release|Any CPU
		{74554AAD-9F57-432C-AFB0-B7DC2067DBC4}.Release|Any CPU.Build.0 = Release|Any CPU
		{013051BE-F309-402E-A8A0-7F537147BE3D}.Debug|Any CPU.ActiveCfg = Debug|Any CPU
		{013051BE-F309-402E-A8A0-7F537147BE3D}.Debug|Any CPU.Build.0 = Debug|Any CPU
		{013051BE-F309-402E-A8A0-7F537147BE3D}.Release|Any CPU.ActiveCfg = Release|Any CPU
		{013051BE-F309-402E-A8A0-7F537147BE3D}.Release|Any CPU.Build.0 = Release|Any CPU
		{9C3FF8E5-492B-48C4-A6D5-AD048A5B1CD5}.Debug|Any CPU.ActiveCfg = Debug|Any CPU
		{9C3FF8E5-492B-48C4-A6D5-AD048A5B1CD5}.Debug|Any CPU.Build.0 = Debug|Any CPU
		{9C3FF8E5-492B-48C4-A6D5-AD048A5B1CD5}.Release|Any CPU.ActiveCfg = Release|Any CPU
		{9C3FF8E5-492B-48C4-A6D5-AD048A5B1CD5}.Release|Any CPU.Build.0 = Release|Any CPU
		{84A43219-B632-4053-BDA7-20DAE8A6973A}.Debug|Any CPU.ActiveCfg = Debug|Any CPU
		{84A43219-B632-4053-BDA7-20DAE8A6973A}.Debug|Any CPU.Build.0 = Debug|Any CPU
		{84A43219-B632-4053-BDA7-20DAE8A6973A}.Release|Any CPU.ActiveCfg = Release|Any CPU
		{84A43219-B632-4053-BDA7-20DAE8A6973A}.Release|Any CPU.Build.0 = Release|Any CPU
		{6535E247-E61F-45C7-BD8E-70E9194C935F}.Debug|Any CPU.ActiveCfg = Debug|Any CPU
		{6535E247-E61F-45C7-BD8E-70E9194C935F}.Debug|Any CPU.Build.0 = Debug|Any CPU
		{6535E247-E61F-45C7-BD8E-70E9194C935F}.Release|Any CPU.ActiveCfg = Release|Any CPU
		{6535E247-E61F-45C7-BD8E-70E9194C935F}.Release|Any CPU.Build.0 = Release|Any CPU
	EndGlobalSection
	GlobalSection(SolutionProperties) = preSolution
		HideSolutionNode = FALSE
	EndGlobalSection
	GlobalSection(ExtensibilityGlobals) = postSolution
		SolutionGuid = {0966B28B-D246-4B6D-8114-8B8D0E091965}
	EndGlobalSection
EndGlobal
